// !$*UTF8*$!
{
	archiveVersion = 1;
	classes = {
	};
	objectVersion = 46;
	objects = {

/* Begin PBXBuildFile section */
		49EB06FB1B6279E6006BD0D5 /* AppDelegate.m in Sources */ = {isa = PBXBuildFile; fileRef = 49EB06FA1B6279E6006BD0D5 /* AppDelegate.m */; };
		49EB06FD1B6279E6006BD0D5 /* main.m in Sources */ = {isa = PBXBuildFile; fileRef = 49EB06FC1B6279E6006BD0D5 /* main.m */; };
		49EB07001B6279E6006BD0D5 /* Document.m in Sources */ = {isa = PBXBuildFile; fileRef = 49EB06FF1B6279E6006BD0D5 /* Document.m */; };
		49EB07031B6279E6006BD0D5 /* Document.xib in Resources */ = {isa = PBXBuildFile; fileRef = 49EB07011B6279E6006BD0D5 /* Document.xib */; };
		49EB07051B6279E6006BD0D5 /* Images.xcassets in Resources */ = {isa = PBXBuildFile; fileRef = 49EB07041B6279E6006BD0D5 /* Images.xcassets */; };
		49EB07081B6279E6006BD0D5 /* MainMenu.xib in Resources */ = {isa = PBXBuildFile; fileRef = 49EB07061B6279E6006BD0D5 /* MainMenu.xib */; };
		49EB07141B6279E6006BD0D5 /* TahDoodleTests.m in Sources */ = {isa = PBXBuildFile; fileRef = 49EB07131B6279E6006BD0D5 /* TahDoodleTests.m */; };
/* End PBXBuildFile section */

/* Begin PBXContainerItemProxy section */
		49EB070E1B6279E6006BD0D5 /* PBXContainerItemProxy */ = {
			isa = PBXContainerItemProxy;
			containerPortal = 49EB06EC1B6279E6006BD0D5 /* Project object */;
			proxyType = 1;
			remoteGlobalIDString = 49EB06F31B6279E6006BD0D5;
			remoteInfo = TahDoodle;
		};
/* End PBXContainerItemProxy section */

/* Begin PBXFileReference section */
		49EB06F41B6279E6006BD0D5 /* TahDoodle.app */ = {isa = PBXFileReference; explicitFileType = wrapper.application; includeInIndex = 0; path = TahDoodle.app; sourceTree = BUILT_PRODUCTS_DIR; };
		49EB06F81B6279E6006BD0D5 /* Info.plist */ = {isa = PBXFileReference; lastKnownFileType = text.plist.xml; path = Info.plist; sourceTree = "<group>"; };
		49EB06F91B6279E6006BD0D5 /* AppDelegate.h */ = {isa = PBXFileReference; lastKnownFileType = sourcecode.c.h; path = AppDelegate.h; sourceTree = "<group>"; };
		49EB06FA1B6279E6006BD0D5 /* AppDelegate.m */ = {isa = PBXFileReference; lastKnownFileType = sourcecode.c.objc; path = AppDelegate.m; sourceTree = "<group>"; };
		49EB06FC1B6279E6006BD0D5 /* main.m */ = {isa = PBXFileReference; lastKnownFileType = sourcecode.c.objc; path = main.m; sourceTree = "<group>"; };
		49EB06FE1B6279E6006BD0D5 /* Document.h */ = {isa = PBXFileReference; lastKnownFileType = sourcecode.c.h; path = Document.h; sourceTree = "<group>"; };
		49EB06FF1B6279E6006BD0D5 /* Document.m */ = {isa = PBXFileReference; lastKnownFileType = sourcecode.c.objc; path = Document.m; sourceTree = "<group>"; };
		49EB07021B6279E6006BD0D5 /* Base */ = {isa = PBXFileReference; lastKnownFileType = file.xib; name = Base; path = Base.lproj/Document.xib; sourceTree = "<group>"; };
		49EB07041B6279E6006BD0D5 /* Images.xcassets */ = {isa = PBXFileReference; lastKnownFileType = folder.assetcatalog; path = Images.xcassets; sourceTree = "<group>"; };
		49EB07071B6279E6006BD0D5 /* Base */ = {isa = PBXFileReference; lastKnownFileType = file.xib; name = Base; path = Base.lproj/MainMenu.xib; sourceTree = "<group>"; };
		49EB070D1B6279E6006BD0D5 /* TahDoodleTests.xctest */ = {isa = PBXFileReference; explicitFileType = wrapper.cfbundle; includeInIndex = 0; path = TahDoodleTests.xctest; sourceTree = BUILT_PRODUCTS_DIR; };
		49EB07121B6279E6006BD0D5 /* Info.plist */ = {isa = PBXFileReference; lastKnownFileType = text.plist.xml; path = Info.plist; sourceTree = "<group>"; };
		49EB07131B6279E6006BD0D5 /* TahDoodleTests.m */ = {isa = PBXFileReference; lastKnownFileType = sourcecode.c.objc; path = TahDoodleTests.m; sourceTree = "<group>"; };
/* End PBXFileReference section */

/* Begin PBXFrameworksBuildPhase section */
		49EB06F11B6279E6006BD0D5 /* Frameworks */ = {
			isa = PBXFrameworksBuildPhase;
			buildActionMask = 2147483647;
			files = (
			);
			runOnlyForDeploymentPostprocessing = 0;
		};
		49EB070A1B6279E6006BD0D5 /* Frameworks */ = {
			isa = PBXFrameworksBuildPhase;
			buildActionMask = 2147483647;
			files = (
			);
			runOnlyForDeploymentPostprocessing = 0;
		};
/* End PBXFrameworksBuildPhase section */

/* Begin PBXGroup section */
		49EB06EB1B6279E6006BD0D5 = {
			isa = PBXGroup;
			children = (
				49EB06F61B6279E6006BD0D5 /* TahDoodle */,
				49EB07101B6279E6006BD0D5 /* TahDoodleTests */,
				49EB06F51B6279E6006BD0D5 /* Products */,
			);
			sourceTree = "<group>";
		};
		49EB06F51B6279E6006BD0D5 /* Products */ = {
			isa = PBXGroup;
			children = (
				49EB06F41B6279E6006BD0D5 /* TahDoodle.app */,
				49EB070D1B6279E6006BD0D5 /* TahDoodleTests.xctest */,
			);
			name = Products;
			sourceTree = "<group>";
		};
		49EB06F61B6279E6006BD0D5 /* TahDoodle */ = {
			isa = PBXGroup;
			children = (
				49EB06F91B6279E6006BD0D5 /* AppDelegate.h */,
				49EB06FA1B6279E6006BD0D5 /* AppDelegate.m */,
				49EB06FE1B6279E6006BD0D5 /* Document.h */,
				49EB06FF1B6279E6006BD0D5 /* Document.m */,
				49EB07011B6279E6006BD0D5 /* Document.xib */,
				49EB07041B6279E6006BD0D5 /* Images.xcassets */,
				49EB07061B6279E6006BD0D5 /* MainMenu.xib */,
				49EB06F71B6279E6006BD0D5 /* Supporting Files */,
			);
			path = TahDoodle;
			sourceTree = "<group>";
		};
		49EB06F71B6279E6006BD0D5 /* Supporting Files */ = {
			isa = PBXGroup;
			children = (
				49EB06F81B6279E6006BD0D5 /* Info.plist */,
				49EB06FC1B6279E6006BD0D5 /* main.m */,
			);
			name = "Supporting Files";
			sourceTree = "<group>";
		};
		49EB07101B6279E6006BD0D5 /* TahDoodleTests */ = {
			isa = PBXGroup;
			children = (
				49EB07131B6279E6006BD0D5 /* TahDoodleTests.m */,
				49EB07111B6279E6006BD0D5 /* Supporting Files */,
			);
			path = TahDoodleTests;
			sourceTree = "<group>";
		};
		49EB07111B6279E6006BD0D5 /* Supporting Files */ = {
			isa = PBXGroup;
			children = (
				49EB07121B6279E6006BD0D5 /* Info.plist */,
			);
			name = "Supporting Files";
			sourceTree = "<group>";
		};
/* End PBXGroup section */

/* Begin PBXNativeTarget section */
		49EB06F31B6279E6006BD0D5 /* TahDoodle */ = {
			isa = PBXNativeTarget;
			buildConfigurationList = 49EB07171B6279E6006BD0D5 /* Build configuration list for PBXNativeTarget "TahDoodle" */;
			buildPhases = (
				49EB06F01B6279E6006BD0D5 /* Sources */,
				49EB06F11B6279E6006BD0D5 /* Frameworks */,
				49EB06F21B6279E6006BD0D5 /* Resources */,
			);
			buildRules = (
			);
			dependencies = (
			);
			name = TahDoodle;
			productName = TahDoodle;
			productReference = 49EB06F41B6279E6006BD0D5 /* TahDoodle.app */;
			productType = "com.apple.product-type.application";
		};
		49EB070C1B6279E6006BD0D5 /* TahDoodleTests */ = {
			isa = PBXNativeTarget;
			buildConfigurationList = 49EB071A1B6279E6006BD0D5 /* Build configuration list for PBXNativeTarget "TahDoodleTests" */;
			buildPhases = (
				49EB07091B6279E6006BD0D5 /* Sources */,
				49EB070A1B6279E6006BD0D5 /* Frameworks */,
				49EB070B1B6279E6006BD0D5 /* Resources */,
			);
			buildRules = (
			);
			dependencies = (
				49EB070F1B6279E6006BD0D5 /* PBXTargetDependency */,
			);
			name = TahDoodleTests;
			productName = TahDoodleTests;
			productReference = 49EB070D1B6279E6006BD0D5 /* TahDoodleTests.xctest */;
			productType = "com.apple.product-type.bundle.unit-test";
		};
/* End PBXNativeTarget section */

/* Begin PBXProject section */
		49EB06EC1B6279E6006BD0D5 /* Project object */ = {
			isa = PBXProject;
			attributes = {
				LastUpgradeCheck = 0640;
				ORGANIZATIONNAME = jiangchao;
				TargetAttributes = {
					49EB06F31B6279E6006BD0D5 = {
						CreatedOnToolsVersion = 6.4;
					};
					49EB070C1B6279E6006BD0D5 = {
						CreatedOnToolsVersion = 6.4;
						TestTargetID = 49EB06F31B6279E6006BD0D5;
					};
				};
			};
			buildConfigurationList = 49EB06EF1B6279E6006BD0D5 /* Build configuration list for PBXProject "TahDoodle" */;
			compatibilityVersion = "Xcode 3.2";
			developmentRegion = English;
			hasScannedForEncodings = 0;
			knownRegions = (
				en,
				Base,
			);
			mainGroup = 49EB06EB1B6279E6006BD0D5;
			productRefGroup = 49EB06F51B6279E6006BD0D5 /* Products */;
			projectDirPath = "";
			projectRoot = "";
			targets = (
				49EB06F31B6279E6006BD0D5 /* TahDoodle */,
				49EB070C1B6279E6006BD0D5 /* TahDoodleTests */,
			);
		};
/* End PBXProject section */

/* Begin PBXResourcesBuildPhase section */
		49EB06F21B6279E6006BD0D5 /* Resources */ = {
			isa = PBXResourcesBuildPhase;
			buildActionMask = 2147483647;
			files = (
				49EB07031B6279E6006BD0D5 /* Document.xib in Resources */,
				49EB07051B6279E6006BD0D5 /* Images.xcassets in Resources */,
				49EB07081B6279E6006BD0D5 /* MainMenu.xib in Resources */,
			);
			runOnlyForDeploymentPostprocessing = 0;
		};
		49EB070B1B6279E6006BD0D5 /* Resources */ = {
			isa = PBXResourcesBuildPhase;
			buildActionMask = 2147483647;
			files = (
			);
			runOnlyForDeploymentPostprocessing = 0;
		};
/* End PBXResourcesBuildPhase section */

/* Begin PBXSourcesBuildPhase section */
		49EB06F01B6279E6006BD0D5 /* Sources */ = {
			isa = PBXSourcesBuildPhase;
			buildActionMask = 2147483647;
			files = (
				49EB07001B6279E6006BD0D5 /* Document.m in Sources */,
				49EB06FD1B6279E6006BD0D5 /* main.m in Sources */,
				49EB06FB1B6279E6006BD0D5 /* AppDelegate.m in Sources */,
			);
			runOnlyForDeploymentPostprocessing = 0;
		};
		49EB07091B6279E6006BD0D5 /* Sources */ = {
			isa = PBXSourcesBuildPhase;
			buildActionMask = 2147483647;
			files = (
				49EB07141B6279E6006BD0D5 /* TahDoodleTests.m in Sources */,
			);
			runOnlyForDeploymentPostprocessing = 0;
		};
/* End PBXSourcesBuildPhase section */

/* Begin PBXTargetDependency section */
		49EB070F1B6279E6006BD0D5 /* PBXTargetDependency */ = {
			isa = PBXTargetDependency;
			target = 49EB06F31B6279E6006BD0D5 /* TahDoodle */;
			targetProxy = 49EB070E1B6279E6006BD0D5 /* PBXContainerItemProxy */;
		};
/* End PBXTargetDependency section */

/* Begin PBXVariantGroup section */
		49EB07011B6279E6006BD0D5 /* Document.xib */ = {
			isa = PBXVariantGroup;
			children = (
				49EB07021B6279E6006BD0D5 /* Base */,
			);
			name = Document.xib;
			sourceTree = "<group>";
		};
		49EB07061B6279E6006BD0D5 /* MainMenu.xib */ = {
			isa = PBXVariantGroup;
			children = (
				49EB07071B6279E6006BD0D5 /* Base */,
			);
			name = MainMenu.xib;
			sourceTree = "<group>";
		};
/* End PBXVariantGroup section */

/* Begin XCBuildConfiguration section */
		49EB07151B6279E6006BD0D5 /* Debug */ = {
			isa = XCBuildConfiguration;
			buildSettings = {
				ALWAYS_SEARCH_USER_PATHS = NO;
				CLANG_CXX_LANGUAGE_STANDARD = "gnu++0x";
				CLANG_CXX_LIBRARY = "libc++";
				CLANG_ENABLE_MODULES = YES;
				CLANG_ENABLE_OBJC_ARC = YES;
				CLANG_WARN_BOOL_CONVERSION = YES;
				CLANG_WARN_CONSTANT_CONVERSION = YES;
				CLANG_WARN_DIRECT_OBJC_ISA_USAGE = YES_ERROR;
				CLANG_WARN_EMPTY_BODY = YES;
				CLANG_WARN_ENUM_CONVERSION = YES;
				CLANG_WARN_INT_CONVERSION = YES;
				CLANG_WARN_OBJC_ROOT_CLASS = YES_ERROR;
				CLANG_WARN_UNREACHABLE_CODE = YES;
				CLANG_WARN__DUPLICATE_METHOD_MATCH = YES;
				CODE_SIGN_IDENTITY = "-";
				COPY_PHASE_STRIP = NO;
				DEBUG_INFORMATION_FORMAT = dwarf;
				ENABLE_STRICT_OBJC_MSGSEND = YES;
				GCC_C_LANGUAGE_STANDARD = gnu99;
				GCC_DYNAMIC_NO_PIC = NO;
				GCC_NO_COMMON_BLOCKS = YES;
				GCC_OPTIMIZATION_LEVEL = 0;
				GCC_PREPROCESSOR_DEFINITIONS = (
					"DEBUG=1",
					"$(inherited)",
				);
				GCC_SYMBOLS_PRIVATE_EXTERN = NO;
				GCC_WARN_64_TO_32_BIT_CONVERSION = YES;
				GCC_WARN_ABOUT_RETURN_TYPE = YES_ERROR;
				GCC_WARN_UNDECLARED_SELECTOR = YES;
				GCC_WARN_UNINITIALIZED_AUTOS = YES_AGGRESSIVE;
				GCC_WARN_UNUSED_FUNCTION = YES;
				GCC_WARN_UNUSED_VARIABLE = YES;
				MACOSX_DEPLOYMENT_TARGET = 10.10;
				MTL_ENABLE_DEBUG_INFO = YES;
				ONLY_ACTIVE_ARCH = YES;
				SDKROOT = macosx;
			};
			name = Debug;
		};
		49EB07161B6279E6006BD0D5 /* Release */ = {
			isa = XCBuildConfiguration;
			buildSettings = {
				ALWAYS_SEARCH_USER_PATHS = NO;
				CLANG_CXX_LANGUAGE_STANDARD = "gnu++0x";
				CLANG_CXX_LIBRARY = "libc++";
				CLANG_ENABLE_MODULES = YES;
				CLANG_ENABLE_OBJC_ARC = YES;
				CLANG_WARN_BOOL_CONVERSION = YES;
				CLANG_WARN_CONSTANT_CONVERSION = YES;
				CLANG_WARN_DIRECT_OBJC_ISA_USAGE = YES_ERROR;
				CLANG_WARN_EMPTY_BODY = YES;
				CLANG_WARN_ENUM_CONVERSION = YES;
				CLANG_WARN_INT_CONVERSION = YES;
				CLANG_WARN_OBJC_ROOT_CLASS = YES_ERROR;
				CLANG_WARN_UNREACHABLE_CODE = YES;
				CLANG_WARN__DUPLICATE_METHOD_MATCH = YES;
				CODE_SIGN_IDENTITY = "-";
				COPY_PHASE_STRIP = NO;
				DEBUG_INFORMATION_FORMAT = "dwarf-with-dsym";
				ENABLE_NS_ASSERTIONS = NO;
				ENABLE_STRICT_OBJC_MSGSEND = YES;
				GCC_C_LANGUAGE_STANDARD = gnu99;
				GCC_NO_COMMON_BLOCKS = YES;
				GCC_WARN_64_TO_32_BIT_CONVERSION = YES;
				GCC_WARN_ABOUT_RETURN_TYPE = YES_ERROR;
				GCC_WARN_UNDECLARED_SELECTOR = YES;
				GCC_WARN_UNINITIALIZED_AUTOS = YES_AGGRESSIVE;
				GCC_WARN_UNUSED_FUNCTION = YES;
				GCC_WARN_UNUSED_VARIABLE = YES;
				MACOSX_DEPLOYMENT_TARGET = 10.10;
				MTL_ENABLE_DEBUG_INFO = NO;
				SDKROOT = macosx;
			};
			name = Release;
		};
		49EB07181B6279E6006BD0D5 /* Debug */ = {
			isa = XCBuildConfiguration;
			buildSettings = {
				ASSETCATALOG_COMPILER_APPICON_NAME = AppIcon;
				COMBINE_HIDPI_IMAGES = YES;
				INFOPLIST_FILE = TahDoodle/Info.plist;
				LD_RUNPATH_SEARCH_PATHS = "$(inherited) @executable_path/../Frameworks";
				PRODUCT_NAME = "$(TARGET_NAME)";
			};
			name = Debug;
		};
		49EB07191B6279E6006BD0D5 /* Release */ = {
			isa = XCBuildConfiguration;
			buildSettings = {
				ASSETCATALOG_COMPILER_APPICON_NAME = AppIcon;
				COMBINE_HIDPI_IMAGES = YES;
				INFOPLIST_FILE = TahDoodle/Info.plist;
				LD_RUNPATH_SEARCH_PATHS = "$(inherited) @executable_path/../Frameworks";
				PRODUCT_NAME = "$(TARGET_NAME)";
			};
			name = Release;
		};
		49EB071B1B6279E6006BD0D5 /* Debug */ = {
			isa = XCBuildConfiguration;
			buildSettings = {
				BUNDLE_LOADER = "$(TEST_HOST)";
				COMBINE_HIDPI_IMAGES = YES;
				FRAMEWORK_SEARCH_PATHS = (
					"$(DEVELOPER_FRAMEWORKS_DIR)",
					"$(inherited)",
				);
				GCC_PREPROCESSOR_DEFINITIONS = (
					"DEBUG=1",
					"$(inherited)",
				);
				INFOPLIST_FILE = TahDoodleTests/Info.plist;
				LD_RUNPATH_SEARCH_PATHS = "$(inherited) @executable_path/../Frameworks @loader_path/../Frameworks";
				PRODUCT_NAME = "$(TARGET_NAME)";
				TEST_HOST = "$(BUILT_PRODUCTS_DIR)/TahDoodle.app/Contents/MacOS/TahDoodle";
			};
			name = Debug;
		};
		49EB071C1B6279E6006BD0D5 /* Release */ = {
			isa = XCBuildConfiguration;
			buildSettings = {
				BUNDLE_LOADER = "$(TEST_HOST)";
				COMBINE_HIDPI_IMAGES = YES;
				FRAMEWORK_SEARCH_PATHS = (
					"$(DEVELOPER_FRAMEWORKS_DIR)",
					"$(inherited)",
				);
				INFOPLIST_FILE = TahDoodleTests/Info.plist;
				LD_RUNPATH_SEARCH_PATHS = "$(inherited) @executable_path/../Frameworks @loader_path/../Frameworks";
				PRODUCT_NAME = "$(TARGET_NAME)";
				TEST_HOST = "$(BUILT_PRODUCTS_DIR)/TahDoodle.app/Contents/MacOS/TahDoodle";
			};
			name = Release;
		};
/* End XCBuildConfiguration section */

/* Begin XCConfigurationList section */
		49EB06EF1B6279E6006BD0D5 /* Build configuration list for PBXProject "TahDoodle" */ = {
			isa = XCConfigurationList;
			buildConfigurations = (
				49EB07151B6279E6006BD0D5 /* Debug */,
				49EB07161B6279E6006BD0D5 /* Release */,
			);
			defaultConfigurationIsVisible = 0;
			defaultConfigurationName = Release;
		};
		49EB07171B6279E6006BD0D5 /* Build configuration list for PBXNativeTarget "TahDoodle" */ = {
			isa = XCConfigurationList;
			buildConfigurations = (
				49EB07181B6279E6006BD0D5 /* Debug */,
				49EB07191B6279E6006BD0D5 /* Release */,
			);
			defaultConfigurationIsVisible = 0;
		};
		49EB071A1B6279E6006BD0D5 /* Build configuration list for PBXNativeTarget "TahDoodleTests" */ = {
			isa = XCConfigurationList;
			buildConfigurations = (
				49EB071B1B6279E6006BD0D5 /* Debug */,
				49EB071C1B6279E6006BD0D5 /* Release */,
			);
			defaultConfigurationIsVisible = 0;
		};
/* End XCConfigurationList section */
	};
	rootObject = 49EB06EC1B6279E6006BD0D5 /* Project object */;
}
